// !$*UTF8*$!
{
	archiveVersion = 1;
	classes = {
	};
	objectVersion = 50;
	objects = {

/* Begin PBXBuildFile section */
		04C508BD435AA17A1A566A20 /* Assets+SixthSenseDev.swift in Sources */ = {isa = PBXBuildFile; fileRef = 8C380C3D616A311C8E951C26 /* Assets+SixthSenseDev.swift */; };
		0DDCB2F58D77C3E1794C5DB7 /* Main.storyboard in Resources */ = {isa = PBXBuildFile; fileRef = 799CA5A2F3EDD36216DAB08A /* Main.storyboard */; };
		136135D84E5C987813E1A908 /* RxMoya.framework in Frameworks */ = {isa = PBXBuildFile; fileRef = C858F336FBE80150638A47FB /* RxMoya.framework */; platformFilter = ios; };
		16FE4FA188442788453ED09F /* Assets+SixthSense.swift in Sources */ = {isa = PBXBuildFile; fileRef = EBC15BF06F98CB61E623E542 /* Assets+SixthSense.swift */; };
		1F5D97B84C4C5886C67C646C /* RxMoya.framework in Frameworks */ = {isa = PBXBuildFile; fileRef = C858F336FBE80150638A47FB /* RxMoya.framework */; platformFilter = ios; };
		251F33D2580ED07419C66990 /* SwiftyBeaver.framework in Frameworks */ = {isa = PBXBuildFile; fileRef = 4C29F63A30802F2B300F3928 /* SwiftyBeaver.framework */; platformFilter = ios; };
		253EBAE503867C37C9EBAAEE /* ViewController.swift in Sources */ = {isa = PBXBuildFile; fileRef = 818D15522281C74D45279F00 /* ViewController.swift */; };
		29B64C84E5252558D8CE50C9 /* Alamofire.framework in Frameworks */ = {isa = PBXBuildFile; fileRef = 5A0472CAA04CDA6B0049D266 /* Alamofire.framework */; platformFilter = ios; };
		2F883FE179A38153D1285EFE /* RxRelay.framework in Frameworks */ = {isa = PBXBuildFile; fileRef = BCE9CDC06A0FD525AEBD24E7 /* RxRelay.framework */; platformFilter = ios; };
		314CF54B8C9383B38AABFE6C /* Bundle+SixthSense.swift in Sources */ = {isa = PBXBuildFile; fileRef = D12E063D8D02F815D4969DBB /* Bundle+SixthSense.swift */; };
		32F0E4A951EB5CB71084762B /* Main.storyboard in Resources */ = {isa = PBXBuildFile; fileRef = 799CA5A2F3EDD36216DAB08A /* Main.storyboard */; };
		3D83985D612EA6F562026CF3 /* RxSwift.framework in Frameworks */ = {isa = PBXBuildFile; fileRef = 72C84FBD9FD7167E6328274A /* RxSwift.framework */; platformFilter = ios; };
		43A5FE28376208623D5E4BA0 /* RxSwift.framework in Frameworks */ = {isa = PBXBuildFile; fileRef = 72C84FBD9FD7167E6328274A /* RxSwift.framework */; platformFilter = ios; };
		453C1674FBCC952A23A21560 /* CFNetwork.framework in Frameworks */ = {isa = PBXBuildFile; fileRef = B6505F3626D9260FACD35A7B /* CFNetwork.framework */; };
		471C7F5CF9A0A057E93ECC99 /* Moya.framework in Frameworks */ = {isa = PBXBuildFile; fileRef = BF059E270A04BEFAD0297795 /* Moya.framework */; platformFilter = ios; };
		476B9342BC4D9D9482936CAA /* CFNetwork.framework in Frameworks */ = {isa = PBXBuildFile; fileRef = B6505F3626D9260FACD35A7B /* CFNetwork.framework */; };
		4F284AB2397775A1281A95D6 /* RxRelay.framework in Embed Frameworks */ = {isa = PBXBuildFile; fileRef = BCE9CDC06A0FD525AEBD24E7 /* RxRelay.framework */; platformFilter = ios; settings = {ATTRIBUTES = (CodeSignOnCopy, RemoveHeadersOnCopy, ); }; };
		517302D9BB543314CD065D9E /* Assets.xcassets in Resources */ = {isa = PBXBuildFile; fileRef = B7BFCBF284F99A12B1B0691E /* Assets.xcassets */; };
		564FE1F5DD7367E03AA26C45 /* Bundle+SixthSenseDev.swift in Sources */ = {isa = PBXBuildFile; fileRef = 6A6DE73079FB84A300BB77BD /* Bundle+SixthSenseDev.swift */; };
		65907F71D1BDFFD7F36CA09A /* LaunchScreen.storyboard in Resources */ = {isa = PBXBuildFile; fileRef = 45C2DAD967373685F20E690F /* LaunchScreen.storyboard */; };
		6C88E30D5052D215D8C21486 /* SnapKit.framework in Frameworks */ = {isa = PBXBuildFile; fileRef = DB535D68642806D8444D1017 /* SnapKit.framework */; platformFilter = ios; };
		6D781E2D83EE2072D7515BD5 /* RxSwift.framework in Embed Frameworks */ = {isa = PBXBuildFile; fileRef = 72C84FBD9FD7167E6328274A /* RxSwift.framework */; platformFilter = ios; settings = {ATTRIBUTES = (CodeSignOnCopy, RemoveHeadersOnCopy, ); }; };
		6D840A62F6E1BAE87E747BDE /* AppDelegate.swift in Sources */ = {isa = PBXBuildFile; fileRef = 47F5B2A82772C74532CD29FB /* AppDelegate.swift */; };
		6DC8ACF8A01DC3327B778CD3 /* LaunchScreen.storyboard in Resources */ = {isa = PBXBuildFile; fileRef = 45C2DAD967373685F20E690F /* LaunchScreen.storyboard */; };
		76A8F33BDBCF8BE5EB9481BE /* SwiftyBeaver.framework in Frameworks */ = {isa = PBXBuildFile; fileRef = 4C29F63A30802F2B300F3928 /* SwiftyBeaver.framework */; platformFilter = ios; };
		789CCE1FFC228FB623383272 /* Then.framework in Frameworks */ = {isa = PBXBuildFile; fileRef = 212E4C7999ED483FC782C285 /* Then.framework */; platformFilter = ios; };
		7E997ADAF33CEC08E82FAA58 /* Kingfisher.framework in Frameworks */ = {isa = PBXBuildFile; fileRef = 59548469CA975F658864C390 /* Kingfisher.framework */; platformFilter = ios; };
		846E54343E21B8BBF72382FB /* RxCocoa.framework in Frameworks */ = {isa = PBXBuildFile; fileRef = B1316FEB509FB139FAE89720 /* RxCocoa.framework */; platformFilter = ios; };
		8ACBB65BFA1CA13BCDDA2456 /* RxCocoa.framework in Embed Frameworks */ = {isa = PBXBuildFile; fileRef = B1316FEB509FB139FAE89720 /* RxCocoa.framework */; platformFilter = ios; settings = {ATTRIBUTES = (CodeSignOnCopy, RemoveHeadersOnCopy, ); }; };
		8B1C5B0263189E19AF61DC6C /* RxCocoaRuntime.framework in Embed Frameworks */ = {isa = PBXBuildFile; fileRef = 47A33000463FA6EDCD011209 /* RxCocoaRuntime.framework */; platformFilter = ios; settings = {ATTRIBUTES = (CodeSignOnCopy, RemoveHeadersOnCopy, ); }; };
		995DCB314E65361853F78CD3 /* Moya.framework in Frameworks */ = {isa = PBXBuildFile; fileRef = BF059E270A04BEFAD0297795 /* Moya.framework */; platformFilter = ios; };
		A13377F89C01198729CB5C1B /* Differentiator.framework in Embed Frameworks */ = {isa = PBXBuildFile; fileRef = D92860F36E9C38FAB44C0D7E /* Differentiator.framework */; platformFilter = ios; settings = {ATTRIBUTES = (CodeSignOnCopy, RemoveHeadersOnCopy, ); }; };
		A73FBF9B4169B932201526F2 /* RxDataSources.framework in Frameworks */ = {isa = PBXBuildFile; fileRef = 1E51160C15B6996A22B0CD0C /* RxDataSources.framework */; platformFilter = ios; };
		A793378A32413CADA46C254C /* Kingfisher.framework in Frameworks */ = {isa = PBXBuildFile; fileRef = 59548469CA975F658864C390 /* Kingfisher.framework */; platformFilter = ios; };
		B6B79AD10EC295C67D47EB2A /* RxSwift.framework in Embed Frameworks */ = {isa = PBXBuildFile; fileRef = 72C84FBD9FD7167E6328274A /* RxSwift.framework */; platformFilter = ios; settings = {ATTRIBUTES = (CodeSignOnCopy, RemoveHeadersOnCopy, ); }; };
		BB497CAD37D101AE02438ED2 /* RxCocoaRuntime.framework in Embed Frameworks */ = {isa = PBXBuildFile; fileRef = 47A33000463FA6EDCD011209 /* RxCocoaRuntime.framework */; platformFilter = ios; settings = {ATTRIBUTES = (CodeSignOnCopy, RemoveHeadersOnCopy, ); }; };
		BC263C22F34FE3A4D104F2FD /* Alamofire.framework in Frameworks */ = {isa = PBXBuildFile; fileRef = 5A0472CAA04CDA6B0049D266 /* Alamofire.framework */; platformFilter = ios; };
		C044647A612402101894E6EE /* RxDataSources.framework in Frameworks */ = {isa = PBXBuildFile; fileRef = 1E51160C15B6996A22B0CD0C /* RxDataSources.framework */; platformFilter = ios; };
		C1B30A3ED63DA2D35B5DD9DB /* AppDelegate.swift in Sources */ = {isa = PBXBuildFile; fileRef = 47F5B2A82772C74532CD29FB /* AppDelegate.swift */; };
		C3E65F3AA9B13242872744D4 /* ViewController.swift in Sources */ = {isa = PBXBuildFile; fileRef = 818D15522281C74D45279F00 /* ViewController.swift */; };
		C4A443844098EA7B2AB32F9F /* RxDataSources.framework in Embed Frameworks */ = {isa = PBXBuildFile; fileRef = 1E51160C15B6996A22B0CD0C /* RxDataSources.framework */; platformFilter = ios; settings = {ATTRIBUTES = (CodeSignOnCopy, RemoveHeadersOnCopy, ); }; };
		C8461C245147B020818818B5 /* RxRelay.framework in Frameworks */ = {isa = PBXBuildFile; fileRef = BCE9CDC06A0FD525AEBD24E7 /* RxRelay.framework */; platformFilter = ios; };
		C87747C10A4D5DC7E8E695B7 /* RxDataSources.framework in Embed Frameworks */ = {isa = PBXBuildFile; fileRef = 1E51160C15B6996A22B0CD0C /* RxDataSources.framework */; platformFilter = ios; settings = {ATTRIBUTES = (CodeSignOnCopy, RemoveHeadersOnCopy, ); }; };
		D04DC41780AA55637C36B525 /* Assets.xcassets in Resources */ = {isa = PBXBuildFile; fileRef = B7BFCBF284F99A12B1B0691E /* Assets.xcassets */; };
		D2EA5791646CFBF1B3938556 /* RxCocoa.framework in Embed Frameworks */ = {isa = PBXBuildFile; fileRef = B1316FEB509FB139FAE89720 /* RxCocoa.framework */; platformFilter = ios; settings = {ATTRIBUTES = (CodeSignOnCopy, RemoveHeadersOnCopy, ); }; };
		DE92DD7F3250C9783BDAC8D8 /* RxRelay.framework in Embed Frameworks */ = {isa = PBXBuildFile; fileRef = BCE9CDC06A0FD525AEBD24E7 /* RxRelay.framework */; platformFilter = ios; settings = {ATTRIBUTES = (CodeSignOnCopy, RemoveHeadersOnCopy, ); }; };
		ECB2687EF0063DDF48C3C244 /* Differentiator.framework in Embed Frameworks */ = {isa = PBXBuildFile; fileRef = D92860F36E9C38FAB44C0D7E /* Differentiator.framework */; platformFilter = ios; settings = {ATTRIBUTES = (CodeSignOnCopy, RemoveHeadersOnCopy, ); }; };
		EE0FFF8CD107ABFC5A6750F7 /* RxCocoa.framework in Frameworks */ = {isa = PBXBuildFile; fileRef = B1316FEB509FB139FAE89720 /* RxCocoa.framework */; platformFilter = ios; };
		F8F7F43BDB8CA7324616F61B /* Then.framework in Frameworks */ = {isa = PBXBuildFile; fileRef = 212E4C7999ED483FC782C285 /* Then.framework */; platformFilter = ios; };
		F91BECF86904B7B220E71C52 /* SnapKit.framework in Frameworks */ = {isa = PBXBuildFile; fileRef = DB535D68642806D8444D1017 /* SnapKit.framework */; platformFilter = ios; };
/* End PBXBuildFile section */

/* Begin PBXCopyFilesBuildPhase section */
		D05AE6AD81B9EAFEE2D3A895 /* Embed Frameworks */ = {
			isa = PBXCopyFilesBuildPhase;
			buildActionMask = 2147483647;
			dstPath = "";
			dstSubfolderSpec = 10;
			files = (
				ECB2687EF0063DDF48C3C244 /* Differentiator.framework in Embed Frameworks */,
				8ACBB65BFA1CA13BCDDA2456 /* RxCocoa.framework in Embed Frameworks */,
				8B1C5B0263189E19AF61DC6C /* RxCocoaRuntime.framework in Embed Frameworks */,
				C4A443844098EA7B2AB32F9F /* RxDataSources.framework in Embed Frameworks */,
				DE92DD7F3250C9783BDAC8D8 /* RxRelay.framework in Embed Frameworks */,
				6D781E2D83EE2072D7515BD5 /* RxSwift.framework in Embed Frameworks */,
			);
			name = "Embed Frameworks";
			runOnlyForDeploymentPostprocessing = 0;
		};
		D18E9B08322FEADD52544632 /* Embed Frameworks */ = {
			isa = PBXCopyFilesBuildPhase;
			buildActionMask = 2147483647;
			dstPath = "";
			dstSubfolderSpec = 10;
			files = (
				A13377F89C01198729CB5C1B /* Differentiator.framework in Embed Frameworks */,
				D2EA5791646CFBF1B3938556 /* RxCocoa.framework in Embed Frameworks */,
				BB497CAD37D101AE02438ED2 /* RxCocoaRuntime.framework in Embed Frameworks */,
				C87747C10A4D5DC7E8E695B7 /* RxDataSources.framework in Embed Frameworks */,
				4F284AB2397775A1281A95D6 /* RxRelay.framework in Embed Frameworks */,
				B6B79AD10EC295C67D47EB2A /* RxSwift.framework in Embed Frameworks */,
			);
			name = "Embed Frameworks";
			runOnlyForDeploymentPostprocessing = 0;
		};
/* End PBXCopyFilesBuildPhase section */

/* Begin PBXFileReference section */
		0268E5B87BF007E17C05BE06 /* Info.plist */ = {isa = PBXFileReference; lastKnownFileType = text.plist; path = Info.plist; sourceTree = "<group>"; };
		1E51160C15B6996A22B0CD0C /* RxDataSources.framework */ = {isa = PBXFileReference; explicitFileType = wrapper.framework; includeInIndex = 0; path = RxDataSources.framework; sourceTree = BUILT_PRODUCTS_DIR; };
		212E4C7999ED483FC782C285 /* Then.framework */ = {isa = PBXFileReference; explicitFileType = wrapper.framework; includeInIndex = 0; path = Then.framework; sourceTree = BUILT_PRODUCTS_DIR; };
		2E3FF051FB3068BA6A09CF1A /* SixthSense.app */ = {isa = PBXFileReference; explicitFileType = wrapper.application; includeInIndex = 0; path = SixthSense.app; sourceTree = BUILT_PRODUCTS_DIR; };
		47A33000463FA6EDCD011209 /* RxCocoaRuntime.framework */ = {isa = PBXFileReference; explicitFileType = wrapper.framework; includeInIndex = 0; path = RxCocoaRuntime.framework; sourceTree = BUILT_PRODUCTS_DIR; };
		47F5B2A82772C74532CD29FB /* AppDelegate.swift */ = {isa = PBXFileReference; lastKnownFileType = sourcecode.swift; path = AppDelegate.swift; sourceTree = "<group>"; };
		4C29F63A30802F2B300F3928 /* SwiftyBeaver.framework */ = {isa = PBXFileReference; explicitFileType = wrapper.framework; includeInIndex = 0; path = SwiftyBeaver.framework; sourceTree = BUILT_PRODUCTS_DIR; };
		4DA6EA95C082684743EA52E5 /* Base */ = {isa = PBXFileReference; lastKnownFileType = file.storyboard; name = Base; path = Base.lproj/Main.storyboard; sourceTree = "<group>"; };
		59548469CA975F658864C390 /* Kingfisher.framework */ = {isa = PBXFileReference; explicitFileType = wrapper.framework; includeInIndex = 0; path = Kingfisher.framework; sourceTree = BUILT_PRODUCTS_DIR; };
		5A0472CAA04CDA6B0049D266 /* Alamofire.framework */ = {isa = PBXFileReference; explicitFileType = wrapper.framework; includeInIndex = 0; path = Alamofire.framework; sourceTree = BUILT_PRODUCTS_DIR; };
		682C7907A1ED80B485301123 /* Base */ = {isa = PBXFileReference; lastKnownFileType = file.storyboard; name = Base; path = Base.lproj/LaunchScreen.storyboard; sourceTree = "<group>"; };
		6A6DE73079FB84A300BB77BD /* Bundle+SixthSenseDev.swift */ = {isa = PBXFileReference; lastKnownFileType = sourcecode.swift; path = "Bundle+SixthSenseDev.swift"; sourceTree = "<group>"; };
		72C84FBD9FD7167E6328274A /* RxSwift.framework */ = {isa = PBXFileReference; explicitFileType = wrapper.framework; includeInIndex = 0; path = RxSwift.framework; sourceTree = BUILT_PRODUCTS_DIR; };
		818D15522281C74D45279F00 /* ViewController.swift */ = {isa = PBXFileReference; lastKnownFileType = sourcecode.swift; path = ViewController.swift; sourceTree = "<group>"; };
		8C380C3D616A311C8E951C26 /* Assets+SixthSenseDev.swift */ = {isa = PBXFileReference; lastKnownFileType = sourcecode.swift; path = "Assets+SixthSenseDev.swift"; sourceTree = "<group>"; };
		A5BE9C6FFF3AC35E2E579978 /* release.xcconfig */ = {isa = PBXFileReference; lastKnownFileType = text.xcconfig; path = release.xcconfig; sourceTree = "<group>"; };
		A92B34BD8A07B7B3C521CE2D /* SixthSenseDev.app */ = {isa = PBXFileReference; explicitFileType = wrapper.application; includeInIndex = 0; path = SixthSenseDev.app; sourceTree = BUILT_PRODUCTS_DIR; };
		B1316FEB509FB139FAE89720 /* RxCocoa.framework */ = {isa = PBXFileReference; explicitFileType = wrapper.framework; includeInIndex = 0; path = RxCocoa.framework; sourceTree = BUILT_PRODUCTS_DIR; };
		B6505F3626D9260FACD35A7B /* CFNetwork.framework */ = {isa = PBXFileReference; lastKnownFileType = wrapper.framework; name = CFNetwork.framework; path = Platforms/iPhoneOS.platform/Developer/SDKs/iPhoneOS.sdk/System/Library/Frameworks/CFNetwork.framework; sourceTree = DEVELOPER_DIR; };
		B7BFCBF284F99A12B1B0691E /* Assets.xcassets */ = {isa = PBXFileReference; lastKnownFileType = folder.assetcatalog; path = Assets.xcassets; sourceTree = "<group>"; };
		BCE9CDC06A0FD525AEBD24E7 /* RxRelay.framework */ = {isa = PBXFileReference; explicitFileType = wrapper.framework; includeInIndex = 0; path = RxRelay.framework; sourceTree = BUILT_PRODUCTS_DIR; };
		BF059E270A04BEFAD0297795 /* Moya.framework */ = {isa = PBXFileReference; explicitFileType = wrapper.framework; includeInIndex = 0; path = Moya.framework; sourceTree = BUILT_PRODUCTS_DIR; };
		C5912E98B9A9B41B5FA37F0E /* debug.xcconfig */ = {isa = PBXFileReference; lastKnownFileType = text.xcconfig; path = debug.xcconfig; sourceTree = "<group>"; };
		C858F336FBE80150638A47FB /* RxMoya.framework */ = {isa = PBXFileReference; explicitFileType = wrapper.framework; includeInIndex = 0; path = RxMoya.framework; sourceTree = BUILT_PRODUCTS_DIR; };
		D12E063D8D02F815D4969DBB /* Bundle+SixthSense.swift */ = {isa = PBXFileReference; lastKnownFileType = sourcecode.swift; path = "Bundle+SixthSense.swift"; sourceTree = "<group>"; };
		D92860F36E9C38FAB44C0D7E /* Differentiator.framework */ = {isa = PBXFileReference; explicitFileType = wrapper.framework; includeInIndex = 0; path = Differentiator.framework; sourceTree = BUILT_PRODUCTS_DIR; };
		DB535D68642806D8444D1017 /* SnapKit.framework */ = {isa = PBXFileReference; explicitFileType = wrapper.framework; includeInIndex = 0; path = SnapKit.framework; sourceTree = BUILT_PRODUCTS_DIR; };
		EBC15BF06F98CB61E623E542 /* Assets+SixthSense.swift */ = {isa = PBXFileReference; lastKnownFileType = sourcecode.swift; path = "Assets+SixthSense.swift"; sourceTree = "<group>"; };
/* End PBXFileReference section */

/* Begin PBXFrameworksBuildPhase section */
		8A4953CB8EE28D1A0B653C21 /* Frameworks */ = {
			isa = PBXFrameworksBuildPhase;
			buildActionMask = 2147483647;
			files = (
				453C1674FBCC952A23A21560 /* CFNetwork.framework in Frameworks */,
				BC263C22F34FE3A4D104F2FD /* Alamofire.framework in Frameworks */,
				A793378A32413CADA46C254C /* Kingfisher.framework in Frameworks */,
				471C7F5CF9A0A057E93ECC99 /* Moya.framework in Frameworks */,
				EE0FFF8CD107ABFC5A6750F7 /* RxCocoa.framework in Frameworks */,
				A73FBF9B4169B932201526F2 /* RxDataSources.framework in Frameworks */,
				136135D84E5C987813E1A908 /* RxMoya.framework in Frameworks */,
				C8461C245147B020818818B5 /* RxRelay.framework in Frameworks */,
				3D83985D612EA6F562026CF3 /* RxSwift.framework in Frameworks */,
				6C88E30D5052D215D8C21486 /* SnapKit.framework in Frameworks */,
				251F33D2580ED07419C66990 /* SwiftyBeaver.framework in Frameworks */,
				F8F7F43BDB8CA7324616F61B /* Then.framework in Frameworks */,
			);
			runOnlyForDeploymentPostprocessing = 0;
		};
		8C33CA6C0E7D0DC4776DFEF8 /* Frameworks */ = {
			isa = PBXFrameworksBuildPhase;
			buildActionMask = 2147483647;
			files = (
				476B9342BC4D9D9482936CAA /* CFNetwork.framework in Frameworks */,
				29B64C84E5252558D8CE50C9 /* Alamofire.framework in Frameworks */,
				7E997ADAF33CEC08E82FAA58 /* Kingfisher.framework in Frameworks */,
				995DCB314E65361853F78CD3 /* Moya.framework in Frameworks */,
				846E54343E21B8BBF72382FB /* RxCocoa.framework in Frameworks */,
				C044647A612402101894E6EE /* RxDataSources.framework in Frameworks */,
				1F5D97B84C4C5886C67C646C /* RxMoya.framework in Frameworks */,
				2F883FE179A38153D1285EFE /* RxRelay.framework in Frameworks */,
				43A5FE28376208623D5E4BA0 /* RxSwift.framework in Frameworks */,
				F91BECF86904B7B220E71C52 /* SnapKit.framework in Frameworks */,
				76A8F33BDBCF8BE5EB9481BE /* SwiftyBeaver.framework in Frameworks */,
				789CCE1FFC228FB623383272 /* Then.framework in Frameworks */,
			);
			runOnlyForDeploymentPostprocessing = 0;
		};
/* End PBXFrameworksBuildPhase section */

/* Begin PBXGroup section */
		0ADE00B17A26E2DE553756D2 /* Project */ = {
			isa = PBXGroup;
			children = (
				86763FFE74707E4E95674337 /* Configs */,
				5B3AFBDC88EC4B70E14AF8B4 /* Derived */,
				72297DF89D11FEB3EAD01668 /* SixthSense */,
			);
			name = Project;
			sourceTree = "<group>";
		};
		5AE7E4D3EC25B6DA1DFFB061 /* Products */ = {
			isa = PBXGroup;
			children = (
				5A0472CAA04CDA6B0049D266 /* Alamofire.framework */,
				D92860F36E9C38FAB44C0D7E /* Differentiator.framework */,
				59548469CA975F658864C390 /* Kingfisher.framework */,
				BF059E270A04BEFAD0297795 /* Moya.framework */,
				B1316FEB509FB139FAE89720 /* RxCocoa.framework */,
				47A33000463FA6EDCD011209 /* RxCocoaRuntime.framework */,
				1E51160C15B6996A22B0CD0C /* RxDataSources.framework */,
				C858F336FBE80150638A47FB /* RxMoya.framework */,
				BCE9CDC06A0FD525AEBD24E7 /* RxRelay.framework */,
				72C84FBD9FD7167E6328274A /* RxSwift.framework */,
				2E3FF051FB3068BA6A09CF1A /* SixthSense.app */,
				A92B34BD8A07B7B3C521CE2D /* SixthSenseDev.app */,
				DB535D68642806D8444D1017 /* SnapKit.framework */,
				4C29F63A30802F2B300F3928 /* SwiftyBeaver.framework */,
				212E4C7999ED483FC782C285 /* Then.framework */,
			);
			name = Products;
			sourceTree = "<group>";
		};
		5B3AFBDC88EC4B70E14AF8B4 /* Derived */ = {
			isa = PBXGroup;
			children = (
				A2BA883C6E41538E8147BC11 /* Sources */,
			);
			path = Derived;
			sourceTree = "<group>";
		};
		648E96BB2479F77E6DD50DD3 /* Frameworks */ = {
			isa = PBXGroup;
			children = (
				B6505F3626D9260FACD35A7B /* CFNetwork.framework */,
			);
			name = Frameworks;
			sourceTree = "<group>";
		};
		6952D40DD0A4297D472EE3E5 /* Supporting Files */ = {
			isa = PBXGroup;
			children = (
				0268E5B87BF007E17C05BE06 /* Info.plist */,
			);
			path = "Supporting Files";
			sourceTree = "<group>";
		};
		72297DF89D11FEB3EAD01668 /* SixthSense */ = {
			isa = PBXGroup;
			children = (
				D994FC8C36F598208C8B19B1 /* Resources */,
				D5EE8417D306C07DEA39E088 /* Sources */,
				6952D40DD0A4297D472EE3E5 /* Supporting Files */,
			);
			path = SixthSense;
			sourceTree = "<group>";
		};
		76CB908893D1E5C4B36D5213 = {
			isa = PBXGroup;
			children = (
				0ADE00B17A26E2DE553756D2 /* Project */,
				648E96BB2479F77E6DD50DD3 /* Frameworks */,
				5AE7E4D3EC25B6DA1DFFB061 /* Products */,
			);
			sourceTree = "<group>";
		};
		7F6FAC35FF03CB13A493A8FD /* App */ = {
			isa = PBXGroup;
			children = (
				47F5B2A82772C74532CD29FB /* AppDelegate.swift */,
				818D15522281C74D45279F00 /* ViewController.swift */,
			);
			path = App;
			sourceTree = "<group>";
		};
		86763FFE74707E4E95674337 /* Configs */ = {
			isa = PBXGroup;
			children = (
				C5912E98B9A9B41B5FA37F0E /* debug.xcconfig */,
				A5BE9C6FFF3AC35E2E579978 /* release.xcconfig */,
			);
			path = Configs;
			sourceTree = "<group>";
		};
		A2BA883C6E41538E8147BC11 /* Sources */ = {
			isa = PBXGroup;
			children = (
				EBC15BF06F98CB61E623E542 /* Assets+SixthSense.swift */,
				8C380C3D616A311C8E951C26 /* Assets+SixthSenseDev.swift */,
				D12E063D8D02F815D4969DBB /* Bundle+SixthSense.swift */,
				6A6DE73079FB84A300BB77BD /* Bundle+SixthSenseDev.swift */,
			);
			path = Sources;
			sourceTree = "<group>";
		};
		D5EE8417D306C07DEA39E088 /* Sources */ = {
			isa = PBXGroup;
			children = (
				7F6FAC35FF03CB13A493A8FD /* App */,
			);
			path = Sources;
			sourceTree = "<group>";
		};
		D994FC8C36F598208C8B19B1 /* Resources */ = {
			isa = PBXGroup;
			children = (
				45C2DAD967373685F20E690F /* LaunchScreen.storyboard */,
				799CA5A2F3EDD36216DAB08A /* Main.storyboard */,
				B7BFCBF284F99A12B1B0691E /* Assets.xcassets */,
			);
			path = Resources;
			sourceTree = "<group>";
		};
/* End PBXGroup section */

/* Begin PBXNativeTarget section */
		0FC74A464EE8E4F270BA0D5C /* SixthSenseDev */ = {
			isa = PBXNativeTarget;
			buildConfigurationList = CD0EAA97177DE477A37DDBCF /* Build configuration list for PBXNativeTarget "SixthSenseDev" */;
			buildPhases = (
				32539BD3057699B02C1F5BD9 /* Sources */,
				41B97448F51539E2411E54E5 /* Resources */,
				D05AE6AD81B9EAFEE2D3A895 /* Embed Frameworks */,
				8A4953CB8EE28D1A0B653C21 /* Frameworks */,
			);
			buildRules = (
			);
			dependencies = (
			);
			name = SixthSenseDev;
			productName = SixthSenseDev;
			productReference = A92B34BD8A07B7B3C521CE2D /* SixthSenseDev.app */;
			productType = "com.apple.product-type.application";
		};
		127A7159EE2C0D67E5D21665 /* SixthSense */ = {
			isa = PBXNativeTarget;
			buildConfigurationList = FA876A865C1F17DAB71420EA /* Build configuration list for PBXNativeTarget "SixthSense" */;
			buildPhases = (
				C484BA317B8FB6D19DE246A4 /* Sources */,
				C57505CD32049D821715E2BB /* Resources */,
				D18E9B08322FEADD52544632 /* Embed Frameworks */,
				8C33CA6C0E7D0DC4776DFEF8 /* Frameworks */,
			);
			buildRules = (
			);
			dependencies = (
			);
			name = SixthSense;
			productName = SixthSense;
			productReference = 2E3FF051FB3068BA6A09CF1A /* SixthSense.app */;
			productType = "com.apple.product-type.application";
		};
/* End PBXNativeTarget section */

/* Begin PBXProject section */
		FAC83AC7BCD609DC1FAD2313 /* Project object */ = {
			isa = PBXProject;
			attributes = {
				ORGANIZATIONNAME = kr.co.thesixthsense;
				TargetAttributes = {
				};
			};
			buildConfigurationList = 39465F9155B3A72EFC3A8B45 /* Build configuration list for PBXProject "SixthSense" */;
			compatibilityVersion = "Xcode 13.0";
			developmentRegion = en;
			hasScannedForEncodings = 0;
			knownRegions = (
				Base,
				en,
			);
			mainGroup = 76CB908893D1E5C4B36D5213;
			productRefGroup = 5AE7E4D3EC25B6DA1DFFB061 /* Products */;
			projectDirPath = "";
			projectRoot = "";
			targets = (
				127A7159EE2C0D67E5D21665 /* SixthSense */,
				0FC74A464EE8E4F270BA0D5C /* SixthSenseDev */,
			);
		};
/* End PBXProject section */

/* Begin PBXResourcesBuildPhase section */
		41B97448F51539E2411E54E5 /* Resources */ = {
			isa = PBXResourcesBuildPhase;
			buildActionMask = 2147483647;
			files = (
				517302D9BB543314CD065D9E /* Assets.xcassets in Resources */,
				6DC8ACF8A01DC3327B778CD3 /* LaunchScreen.storyboard in Resources */,
				0DDCB2F58D77C3E1794C5DB7 /* Main.storyboard in Resources */,
			);
			runOnlyForDeploymentPostprocessing = 0;
		};
		C57505CD32049D821715E2BB /* Resources */ = {
			isa = PBXResourcesBuildPhase;
			buildActionMask = 2147483647;
			files = (
				D04DC41780AA55637C36B525 /* Assets.xcassets in Resources */,
				65907F71D1BDFFD7F36CA09A /* LaunchScreen.storyboard in Resources */,
				32F0E4A951EB5CB71084762B /* Main.storyboard in Resources */,
			);
			runOnlyForDeploymentPostprocessing = 0;
		};
/* End PBXResourcesBuildPhase section */

/* Begin PBXSourcesBuildPhase section */
		32539BD3057699B02C1F5BD9 /* Sources */ = {
			isa = PBXSourcesBuildPhase;
			buildActionMask = 2147483647;
			files = (
				04C508BD435AA17A1A566A20 /* Assets+SixthSenseDev.swift in Sources */,
				564FE1F5DD7367E03AA26C45 /* Bundle+SixthSenseDev.swift in Sources */,
				C1B30A3ED63DA2D35B5DD9DB /* AppDelegate.swift in Sources */,
				253EBAE503867C37C9EBAAEE /* ViewController.swift in Sources */,
			);
			runOnlyForDeploymentPostprocessing = 0;
		};
		C484BA317B8FB6D19DE246A4 /* Sources */ = {
			isa = PBXSourcesBuildPhase;
			buildActionMask = 2147483647;
			files = (
				16FE4FA188442788453ED09F /* Assets+SixthSense.swift in Sources */,
				314CF54B8C9383B38AABFE6C /* Bundle+SixthSense.swift in Sources */,
				6D840A62F6E1BAE87E747BDE /* AppDelegate.swift in Sources */,
				C3E65F3AA9B13242872744D4 /* ViewController.swift in Sources */,
			);
			runOnlyForDeploymentPostprocessing = 0;
		};
/* End PBXSourcesBuildPhase section */

/* Begin PBXVariantGroup section */
		45C2DAD967373685F20E690F /* LaunchScreen.storyboard */ = {
			isa = PBXVariantGroup;
			children = (
				682C7907A1ED80B485301123 /* Base */,
			);
			name = LaunchScreen.storyboard;
			sourceTree = "<group>";
		};
		799CA5A2F3EDD36216DAB08A /* Main.storyboard */ = {
			isa = PBXVariantGroup;
			children = (
				4DA6EA95C082684743EA52E5 /* Base */,
			);
			name = Main.storyboard;
			sourceTree = "<group>";
		};
/* End PBXVariantGroup section */

/* Begin XCBuildConfiguration section */
		02D849A00871AE570925917A /* Release */ = {
			isa = XCBuildConfiguration;
			baseConfigurationReference = A5BE9C6FFF3AC35E2E579978 /* release.xcconfig */;
			buildSettings = {
				ASSETCATALOG_COMPILER_APPICON_NAME = AppIcon;
				CODE_SIGN_IDENTITY = "iPhone Developer";
				ENABLE_PREVIEWS = YES;
				INFOPLIST_FILE = "SixthSense/Supporting Files/Info.plist";
				IPHONEOS_DEPLOYMENT_TARGET = 13.0;
				LD_RUNPATH_SEARCH_PATHS = (
					"$(inherited)",
					"@executable_path/Frameworks",
				);
				PRODUCT_BUNDLE_IDENTIFIER = kr.co.thesixthsense;
				PRODUCT_NAME = SixthSenseDev;
				SDKROOT = iphoneos;
				SUPPORTS_MACCATALYST = NO;
				SWIFT_COMPILATION_MODE = wholemodule;
				SWIFT_OPTIMIZATION_LEVEL = "-Owholemodule";
				SWIFT_VERSION = 5.5;
				TARGETED_DEVICE_FAMILY = 1;
			};
			name = Release;
		};
		5190D04C3DC293ABDE5A8FD5 /* Release */ = {
			isa = XCBuildConfiguration;
			baseConfigurationReference = A5BE9C6FFF3AC35E2E579978 /* release.xcconfig */;
			buildSettings = {
				ALWAYS_SEARCH_USER_PATHS = NO;
				CLANG_ANALYZER_LOCALIZABILITY_NONLOCALIZED = YES;
				CLANG_ANALYZER_NONNULL = YES;
				CLANG_ANALYZER_NUMBER_OBJECT_CONVERSION = YES_AGGRESSIVE;
				CLANG_CXX_LANGUAGE_STANDARD = "gnu++14";
				CLANG_CXX_LIBRARY = "libc++";
				CLANG_ENABLE_MODULES = YES;
				CLANG_ENABLE_OBJC_ARC = YES;
				CLANG_ENABLE_OBJC_WEAK = YES;
				CLANG_WARN_BLOCK_CAPTURE_AUTORELEASING = YES;
				CLANG_WARN_BOOL_CONVERSION = YES;
				CLANG_WARN_COMMA = YES;
				CLANG_WARN_CONSTANT_CONVERSION = YES;
				CLANG_WARN_DEPRECATED_OBJC_IMPLEMENTATIONS = YES;
				CLANG_WARN_DIRECT_OBJC_ISA_USAGE = YES_ERROR;
				CLANG_WARN_DOCUMENTATION_COMMENTS = YES;
				CLANG_WARN_EMPTY_BODY = YES;
				CLANG_WARN_ENUM_CONVERSION = YES;
				CLANG_WARN_INFINITE_RECURSION = YES;
				CLANG_WARN_INT_CONVERSION = YES;
				CLANG_WARN_NON_LITERAL_NULL_CONVERSION = YES;
				CLANG_WARN_OBJC_IMPLICIT_RETAIN_SELF = YES;
				CLANG_WARN_OBJC_LITERAL_CONVERSION = YES;
				CLANG_WARN_OBJC_ROOT_CLASS = YES_ERROR;
				CLANG_WARN_QUOTED_INCLUDE_IN_FRAMEWORK_HEADER = YES;
				CLANG_WARN_RANGE_LOOP_ANALYSIS = YES;
				CLANG_WARN_STRICT_PROTOTYPES = YES;
				CLANG_WARN_SUSPICIOUS_MOVE = YES;
				CLANG_WARN_UNGUARDED_AVAILABILITY = YES_AGGRESSIVE;
				CLANG_WARN_UNREACHABLE_CODE = YES;
				CLANG_WARN__DUPLICATE_METHOD_MATCH = YES;
				COPY_PHASE_STRIP = NO;
				DEBUG_INFORMATION_FORMAT = "dwarf-with-dsym";
				ENABLE_NS_ASSERTIONS = NO;
				ENABLE_STRICT_OBJC_MSGSEND = YES;
				GCC_C_LANGUAGE_STANDARD = gnu11;
				GCC_NO_COMMON_BLOCKS = YES;
				GCC_WARN_64_TO_32_BIT_CONVERSION = YES;
				GCC_WARN_ABOUT_RETURN_TYPE = YES_ERROR;
				GCC_WARN_UNDECLARED_SELECTOR = YES;
				GCC_WARN_UNINITIALIZED_AUTOS = YES_AGGRESSIVE;
				GCC_WARN_UNUSED_FUNCTION = YES;
				GCC_WARN_UNUSED_VARIABLE = YES;
				MTL_ENABLE_DEBUG_INFO = NO;
				PRODUCT_NAME = "$(TARGET_NAME)";
				VALIDATE_PRODUCT = YES;
			};
			name = Release;
		};
		554B03AC8FAEB45DCB6ED49D /* Release */ = {
			isa = XCBuildConfiguration;
			baseConfigurationReference = A5BE9C6FFF3AC35E2E579978 /* release.xcconfig */;
			buildSettings = {
				ASSETCATALOG_COMPILER_APPICON_NAME = AppIcon;
				CODE_SIGN_IDENTITY = "iPhone Developer";
				ENABLE_PREVIEWS = YES;
				INFOPLIST_FILE = "SixthSense/Supporting Files/Info.plist";
				IPHONEOS_DEPLOYMENT_TARGET = 13.0;
				LD_RUNPATH_SEARCH_PATHS = (
					"$(inherited)",
					"@executable_path/Frameworks",
				);
				PRODUCT_BUNDLE_IDENTIFIER = kr.co.thesixthsense;
				PRODUCT_NAME = SixthSense;
				SDKROOT = iphoneos;
				SUPPORTS_MACCATALYST = NO;
				SWIFT_COMPILATION_MODE = wholemodule;
				SWIFT_OPTIMIZATION_LEVEL = "-Owholemodule";
				SWIFT_VERSION = 5.5;
				TARGETED_DEVICE_FAMILY = 1;
			};
			name = Release;
		};
		7EB634D5933F7F3336E983FF /* Debug */ = {
			isa = XCBuildConfiguration;
			baseConfigurationReference = C5912E98B9A9B41B5FA37F0E /* debug.xcconfig */;
			buildSettings = {
				ASSETCATALOG_COMPILER_APPICON_NAME = AppIcon;
				CODE_SIGN_IDENTITY = "iPhone Developer";
				ENABLE_PREVIEWS = YES;
				INFOPLIST_FILE = "SixthSense/Supporting Files/Info.plist";
				IPHONEOS_DEPLOYMENT_TARGET = 13.0;
				LD_RUNPATH_SEARCH_PATHS = (
					"$(inherited)",
					"@executable_path/Frameworks",
				);
				PRODUCT_BUNDLE_IDENTIFIER = kr.co.thesixthsense;
				PRODUCT_NAME = SixthSenseDev;
				SDKROOT = iphoneos;
				SUPPORTS_MACCATALYST = NO;
				SWIFT_ACTIVE_COMPILATION_CONDITIONS = DEBUG;
				SWIFT_COMPILATION_MODE = singlefile;
				SWIFT_OPTIMIZATION_LEVEL = "-Onone";
				SWIFT_VERSION = 5.5;
				TARGETED_DEVICE_FAMILY = 1;
			};
			name = Debug;
		};
		D281409FF838D7C9B50E034F /* Debug */ = {
			isa = XCBuildConfiguration;
			baseConfigurationReference = C5912E98B9A9B41B5FA37F0E /* debug.xcconfig */;
			buildSettings = {
				ALWAYS_SEARCH_USER_PATHS = NO;
				CLANG_ANALYZER_LOCALIZABILITY_NONLOCALIZED = YES;
				CLANG_ANALYZER_NONNULL = YES;
				CLANG_ANALYZER_NUMBER_OBJECT_CONVERSION = YES_AGGRESSIVE;
				CLANG_CXX_LANGUAGE_STANDARD = "gnu++14";
				CLANG_CXX_LIBRARY = "libc++";
				CLANG_ENABLE_MODULES = YES;
				CLANG_ENABLE_OBJC_ARC = YES;
				CLANG_ENABLE_OBJC_WEAK = YES;
				CLANG_WARN_BLOCK_CAPTURE_AUTORELEASING = YES;
				CLANG_WARN_BOOL_CONVERSION = YES;
				CLANG_WARN_COMMA = YES;
				CLANG_WARN_CONSTANT_CONVERSION = YES;
				CLANG_WARN_DEPRECATED_OBJC_IMPLEMENTATIONS = YES;
				CLANG_WARN_DIRECT_OBJC_ISA_USAGE = YES_ERROR;
				CLANG_WARN_DOCUMENTATION_COMMENTS = YES;
				CLANG_WARN_EMPTY_BODY = YES;
				CLANG_WARN_ENUM_CONVERSION = YES;
				CLANG_WARN_INFINITE_RECURSION = YES;
				CLANG_WARN_INT_CONVERSION = YES;
				CLANG_WARN_NON_LITERAL_NULL_CONVERSION = YES;
				CLANG_WARN_OBJC_IMPLICIT_RETAIN_SELF = YES;
				CLANG_WARN_OBJC_LITERAL_CONVERSION = YES;
				CLANG_WARN_OBJC_ROOT_CLASS = YES_ERROR;
				CLANG_WARN_QUOTED_INCLUDE_IN_FRAMEWORK_HEADER = YES;
				CLANG_WARN_RANGE_LOOP_ANALYSIS = YES;
				CLANG_WARN_STRICT_PROTOTYPES = YES;
				CLANG_WARN_SUSPICIOUS_MOVE = YES;
				CLANG_WARN_UNGUARDED_AVAILABILITY = YES_AGGRESSIVE;
				CLANG_WARN_UNREACHABLE_CODE = YES;
				CLANG_WARN__DUPLICATE_METHOD_MATCH = YES;
				COPY_PHASE_STRIP = NO;
				DEBUG_INFORMATION_FORMAT = dwarf;
				ENABLE_STRICT_OBJC_MSGSEND = YES;
				ENABLE_TESTABILITY = YES;
				GCC_C_LANGUAGE_STANDARD = gnu11;
				GCC_DYNAMIC_NO_PIC = NO;
				GCC_NO_COMMON_BLOCKS = YES;
				GCC_OPTIMIZATION_LEVEL = 0;
				GCC_PREPROCESSOR_DEFINITIONS = (
					"DEBUG=1",
					"$(inherited)",
				);
				GCC_WARN_64_TO_32_BIT_CONVERSION = YES;
				GCC_WARN_ABOUT_RETURN_TYPE = YES_ERROR;
				GCC_WARN_UNDECLARED_SELECTOR = YES;
				GCC_WARN_UNINITIALIZED_AUTOS = YES_AGGRESSIVE;
				GCC_WARN_UNUSED_FUNCTION = YES;
				GCC_WARN_UNUSED_VARIABLE = YES;
				MTL_ENABLE_DEBUG_INFO = YES;
				ONLY_ACTIVE_ARCH = YES;
				PRODUCT_NAME = "$(TARGET_NAME)";
			};
			name = Debug;
		};
		D328EF240B03AA32E82E8525 /* Debug */ = {
			isa = XCBuildConfiguration;
			baseConfigurationReference = C5912E98B9A9B41B5FA37F0E /* debug.xcconfig */;
			buildSettings = {
				ASSETCATALOG_COMPILER_APPICON_NAME = AppIcon;
				CODE_SIGN_IDENTITY = "iPhone Developer";
				ENABLE_PREVIEWS = YES;
				INFOPLIST_FILE = "SixthSense/Supporting Files/Info.plist";
				IPHONEOS_DEPLOYMENT_TARGET = 13.0;
				LD_RUNPATH_SEARCH_PATHS = (
					"$(inherited)",
					"@executable_path/Frameworks",
				);
				PRODUCT_BUNDLE_IDENTIFIER = kr.co.thesixthsense;
				PRODUCT_NAME = SixthSense;
				SDKROOT = iphoneos;
				SUPPORTS_MACCATALYST = NO;
				SWIFT_ACTIVE_COMPILATION_CONDITIONS = DEBUG;
				SWIFT_COMPILATION_MODE = singlefile;
				SWIFT_OPTIMIZATION_LEVEL = "-Onone";
				SWIFT_VERSION = 5.5;
				TARGETED_DEVICE_FAMILY = 1;
			};
			name = Debug;
		};
/* End XCBuildConfiguration section */

/* Begin XCConfigurationList section */
		39465F9155B3A72EFC3A8B45 /* Build configuration list for PBXProject "SixthSense" */ = {
			isa = XCConfigurationList;
			buildConfigurations = (
				D281409FF838D7C9B50E034F /* Debug */,
				5190D04C3DC293ABDE5A8FD5 /* Release */,
			);
			defaultConfigurationIsVisible = 0;
			defaultConfigurationName = Release;
		};
		CD0EAA97177DE477A37DDBCF /* Build configuration list for PBXNativeTarget "SixthSenseDev" */ = {
			isa = XCConfigurationList;
			buildConfigurations = (
				7EB634D5933F7F3336E983FF /* Debug */,
				02D849A00871AE570925917A /* Release */,
			);
			defaultConfigurationIsVisible = 0;
			defaultConfigurationName = Release;
		};
		FA876A865C1F17DAB71420EA /* Build configuration list for PBXNativeTarget "SixthSense" */ = {
			isa = XCConfigurationList;
			buildConfigurations = (
				D328EF240B03AA32E82E8525 /* Debug */,
				554B03AC8FAEB45DCB6ED49D /* Release */,
			);
			defaultConfigurationIsVisible = 0;
			defaultConfigurationName = Release;
		};
/* End XCConfigurationList section */
	};
	rootObject = FAC83AC7BCD609DC1FAD2313 /* Project object */;
}
